<?xml version="1.0" encoding="utf-8"?>
<Project ToolsVersion="4.0" xmlns="http://schemas.microsoft.com/developer/msbuild/2003">
  <ItemGroup>
    <Filter Include="System">
      <UniqueIdentifier>{f21a99c7-ddbd-46ef-b7f7-ff56acf5b98c}</UniqueIdentifier>
    </Filter>
    <Filter Include="Game">
      <UniqueIdentifier>{9531cc8f-7ff6-4587-8ba5-11deca7d8255}</UniqueIdentifier>
    </Filter>
    <Filter Include="System\ThirdParty">
      <UniqueIdentifier>{845c1381-482c-42de-89e8-f9e0e6e3e6f5}</UniqueIdentifier>
    </Filter>
    <Filter Include="System\ThirdParty\ImGui">
      <UniqueIdentifier>{34256a6e-95cf-4339-9786-752a72eacdbd}</UniqueIdentifier>
    </Filter>
    <Filter Include="System\ThirdParty\DirectTex">
      <UniqueIdentifier>{56d64f9a-37e6-47ee-8f02-ec4306b6f04c}</UniqueIdentifier>
    </Filter>
    <Filter Include="Contents">
      <UniqueIdentifier>{a65216f0-d96f-4b15-a488-c3728ad34d13}</UniqueIdentifier>
    </Filter>
    <Filter Include="System\Core">
      <UniqueIdentifier>{da3f71c8-cc88-4727-979c-4ad331478bb4}</UniqueIdentifier>
    </Filter>
    <Filter Include="System\Core\Application">
      <UniqueIdentifier>{d3958456-1dda-467e-9bc7-269cede302ca}</UniqueIdentifier>
    </Filter>
    <Filter Include="Contents\Tools">
      <UniqueIdentifier>{7c5a5f24-14f1-4cae-8f2c-091335775f0e}</UniqueIdentifier>
    </Filter>
    <Filter Include="System\Core\SubSystem">
      <UniqueIdentifier>{e1679ed4-8d27-4df7-aeb2-b4be4b407938}</UniqueIdentifier>
    </Filter>
    <Filter Include="System\Core\SubSystem\Console">
      <UniqueIdentifier>{ff24b7fb-ac4d-42f6-8015-3b498d9c4443}</UniqueIdentifier>
    </Filter>
    <Filter Include="System\Core\SubSystem\Window">
      <UniqueIdentifier>{b1b4b151-fc1c-412e-8c53-ad770e906739}</UniqueIdentifier>
    </Filter>
    <Filter Include="System\Core\SubSystem\Message">
      <UniqueIdentifier>{7cd9ed7c-e20f-4316-a2c4-d42995cffe12}</UniqueIdentifier>
    </Filter>
    <Filter Include="System\Core\SubSystem\InputSystem">
      <UniqueIdentifier>{c49a66ab-2226-423f-ae3f-5f8bc198ca44}</UniqueIdentifier>
    </Filter>
    <Filter Include="System\Core\SubSystem\SystemTimer">
      <UniqueIdentifier>{5a851c77-f17d-4178-a240-e279d7adfa7d}</UniqueIdentifier>
    </Filter>
    <Filter Include="System\Core\SubSystem\AudioSystem">
      <UniqueIdentifier>{34f4626a-d217-4146-85e9-7e5d3ed0fd51}</UniqueIdentifier>
    </Filter>
    <Filter Include="System\Core\SubSystem\GuiSystem">
      <UniqueIdentifier>{1540a9be-4688-4352-a2bd-8e8c9248a727}</UniqueIdentifier>
    </Filter>
    <Filter Include="System\Core\SubSystem\GameSystem">
      <UniqueIdentifier>{50d0bdd2-20f9-4cda-922f-cb2a47d1cf6d}</UniqueIdentifier>
    </Filter>
    <Filter Include="System\GameSubSystem">
      <UniqueIdentifier>{c2cc3e15-f8e9-4569-8707-1b908d72bb25}</UniqueIdentifier>
    </Filter>
    <Filter Include="System\GameSubSystem\Framelate">
      <UniqueIdentifier>{6cbbeca3-d170-44e6-b7c8-4dbffa1cb8b8}</UniqueIdentifier>
    </Filter>
    <Filter Include="System\Core\BaseClass">
      <UniqueIdentifier>{eae9c54f-f072-40b3-8bc8-2f46a9d6151b}</UniqueIdentifier>
    </Filter>
    <Filter Include="Contents\Math">
      <UniqueIdentifier>{d25ed382-4c73-492f-acc9-eceb831a63e0}</UniqueIdentifier>
    </Filter>
    <Filter Include="Contents\Math\Private">
      <UniqueIdentifier>{3cac2cc9-60bc-43f8-9a2e-dc474693843d}</UniqueIdentifier>
    </Filter>
    <Filter Include="Contents\Create">
      <UniqueIdentifier>{06b9036d-600e-42a8-987b-2f81032fd091}</UniqueIdentifier>
    </Filter>
    <Filter Include="Contents\Create\Private">
      <UniqueIdentifier>{2068fbb6-43c2-49e7-b94e-d4b14ef2fb44}</UniqueIdentifier>
    </Filter>
    <Filter Include="Contents\Component">
      <UniqueIdentifier>{471df56f-44ac-4e38-8b39-1aad44604d86}</UniqueIdentifier>
    </Filter>
    <Filter Include="System\GameSubSystem\World">
      <UniqueIdentifier>{e3f605ee-73fc-4df9-b522-f6a29bef2a19}</UniqueIdentifier>
    </Filter>
    <Filter Include="Contents\Manager">
      <UniqueIdentifier>{3e2ffbef-cd8f-4117-920a-1fdacf35f76c}</UniqueIdentifier>
    </Filter>
    <Filter Include="Contents\Create\Header">
      <UniqueIdentifier>{7ce8ba0c-c0d5-4025-adb4-d97f8360bf59}</UniqueIdentifier>
    </Filter>
    <Filter Include="Contents\Manager\Private">
      <UniqueIdentifier>{ecaf79f5-843d-4584-967f-e0864f3df9c8}</UniqueIdentifier>
    </Filter>
    <Filter Include="Contents\Component\Physics">
      <UniqueIdentifier>{11a94a5d-f856-4fba-bae8-a223e3a85f30}</UniqueIdentifier>
    </Filter>
    <Filter Include="Game\Script">
      <UniqueIdentifier>{a260dc2b-5b76-4358-bb4d-76adecb53fcc}</UniqueIdentifier>
    </Filter>
    <Filter Include="System\GameSubSystem\Input">
      <UniqueIdentifier>{53b0c12e-8111-4dd2-aefc-e41f5973c55f}</UniqueIdentifier>
    </Filter>
    <Filter Include="Game\Scene">
      <UniqueIdentifier>{0655b354-0145-459a-90d0-002441fbfbde}</UniqueIdentifier>
    </Filter>
    <Filter Include="Sample">
      <UniqueIdentifier>{2bba7a03-9340-4695-aa15-7ee18bb7d58b}</UniqueIdentifier>
    </Filter>
    <Filter Include="System\Core\SubSystem\DirectX">
      <UniqueIdentifier>{b410efce-34cf-4bda-bb35-7f9911ca078b}</UniqueIdentifier>
    </Filter>
    <Filter Include="System\Core\SubSystem\DirectX\DX11">
      <UniqueIdentifier>{7fe8be28-22de-4665-9e4c-84f4b58e46d1}</UniqueIdentifier>
    </Filter>
    <Filter Include="System\Renderer">
      <UniqueIdentifier>{c83b4f45-9bad-4893-9032-728c7fbf3ccd}</UniqueIdentifier>
    </Filter>
    <Filter Include="System\Renderer\Shader">
      <UniqueIdentifier>{e37d36ce-65c5-43c7-b89b-c7db1bed459d}</UniqueIdentifier>
    </Filter>
    <Filter Include="System\Renderer\Shader\HLSL">
      <UniqueIdentifier>{56de2c19-c76f-4aac-96c3-e37b7272123c}</UniqueIdentifier>
    </Filter>
    <Filter Include="Contents\Component\Graphics">
      <UniqueIdentifier>{9dac81a7-0a6b-40d6-a809-1eaaf5bb212b}</UniqueIdentifier>
    </Filter>
    <Filter Include="Contents\Component\Base">
      <UniqueIdentifier>{b98a280a-c56e-43bb-92a1-168e218373d7}</UniqueIdentifier>
    </Filter>
    <Filter Include="Contents\Helper">
      <UniqueIdentifier>{20563a9d-fd98-45e2-bb88-bc95d60650e3}</UniqueIdentifier>
    </Filter>
    <Filter Include="Game\Script\GameLogic">
      <UniqueIdentifier>{c8aae06e-cb1a-44a9-8512-f468bda081ed}</UniqueIdentifier>
    </Filter>
    <Filter Include="Contents\Resource">
      <UniqueIdentifier>{f7fbf963-3d25-414f-9e19-47ba03eeea8a}</UniqueIdentifier>
    </Filter>
    <Filter Include="Contents\Resource\Shader">
      <UniqueIdentifier>{fb19a261-c72d-4010-89c3-d3d753357a49}</UniqueIdentifier>
    </Filter>
    <Filter Include="Contents\Manager\Header">
      <UniqueIdentifier>{9cfbac8b-6f87-4b43-b9b6-4731b7241a74}</UniqueIdentifier>
    </Filter>
    <Filter Include="Contents\Input">
      <UniqueIdentifier>{780369b3-4d0d-4579-81c1-b09118d1f9b9}</UniqueIdentifier>
    </Filter>
    <Filter Include="Contents\Timer">
      <UniqueIdentifier>{10421859-009e-404f-a726-174a13450e41}</UniqueIdentifier>
    </Filter>
    <Filter Include="System\Renderer\Shader\HLSL\StandardShader">
      <UniqueIdentifier>{c412af0f-f8ac-4f35-8a35-c115f9b3e12b}</UniqueIdentifier>
    </Filter>
    <Filter Include="System\ThirdParty\Assimp">
      <UniqueIdentifier>{d4fa78ab-3644-46d4-9774-90fc930115d7}</UniqueIdentifier>
    </Filter>
    <Filter Include="System\Editor">
      <UniqueIdentifier>{33e2d578-f62b-4db4-a2c2-dd69ac195a4b}</UniqueIdentifier>
    </Filter>
    <Filter Include="System\Editor\TestEditor">
      <UniqueIdentifier>{506bee8f-0fd8-4b23-bcd0-712a3dd94ffc}</UniqueIdentifier>
    </Filter>
    <Filter Include="System\Editor\Header">
      <UniqueIdentifier>{80645fd3-ad39-4a7c-8ed9-551dacfa12ed}</UniqueIdentifier>
    </Filter>
    <Filter Include="Contents\Resource\Texture">
      <UniqueIdentifier>{abbfa942-ad2e-4138-8a2f-89d59ddd0474}</UniqueIdentifier>
    </Filter>
    <Filter Include="Contents\Component\Miscellaneous">
      <UniqueIdentifier>{504a8072-6491-427f-9931-8332d808a84d}</UniqueIdentifier>
    </Filter>
    <Filter Include="Game\Script\Test">
      <UniqueIdentifier>{be4cf266-3b7d-490e-9922-c939056ede3f}</UniqueIdentifier>
    </Filter>
    <Filter Include="Contents\Resource\3DModel">
      <UniqueIdentifier>{e292fa3a-68e9-49ca-a00e-5d645be84ea6}</UniqueIdentifier>
    </Filter>
    <Filter Include="Contents\Resource\3DModel\Model">
      <UniqueIdentifier>{60be3e4b-4b05-4c3e-bc66-120882a30b82}</UniqueIdentifier>
    </Filter>
    <Filter Include="System\Renderer\DX11">
      <UniqueIdentifier>{6be60daf-4dce-4208-99c1-5c2ce98dc28a}</UniqueIdentifier>
    </Filter>
    <Filter Include="System\Renderer\DX11\ConstantBuffer">
      <UniqueIdentifier>{34b0acfc-7ea5-4e47-ac8a-98d33dc13ffa}</UniqueIdentifier>
    </Filter>
    <Filter Include="System\Renderer\DX11\ConstantBuffer\Private">
      <UniqueIdentifier>{d0c82446-3dee-4d2a-aa75-101037458da0}</UniqueIdentifier>
    </Filter>
    <Filter Include="System\Renderer\DX11\Render">
      <UniqueIdentifier>{bb0fcfd8-b7af-4787-afb4-d0447abbe3b7}</UniqueIdentifier>
    </Filter>
    <Filter Include="Contents\Resource\3DModel\Model\Mesh">
      <UniqueIdentifier>{396d458c-6033-4352-a615-1fcc25d76b8c}</UniqueIdentifier>
    </Filter>
    <Filter Include="Contents\Resource\Animation">
      <UniqueIdentifier>{bdfc06a7-da81-46d8-a04f-51be619a1985}</UniqueIdentifier>
    </Filter>
    <Filter Include="Contents\Resource\Animation\Private">
      <UniqueIdentifier>{0459e282-f207-4444-9625-c68ff1977bce}</UniqueIdentifier>
    </Filter>
    <Filter Include="Contents\Resource\Animation\KeyFrame">
      <UniqueIdentifier>{8d92627f-4e05-42c1-8bca-07726529a81f}</UniqueIdentifier>
    </Filter>
    <Filter Include="Contents\Resource\3DModel\Skelton">
      <UniqueIdentifier>{506f9922-f647-4800-9a3b-4a636c2dc995}</UniqueIdentifier>
    </Filter>
    <Filter Include="Contents\LogicTools">
      <UniqueIdentifier>{8a51bf95-2031-4350-b7c9-06f7745ac6c4}</UniqueIdentifier>
    </Filter>
    <Filter Include="Contents\LogicTools\StateMachine">
      <UniqueIdentifier>{be3e6f3a-49e5-4a53-bb5c-951794afbd24}</UniqueIdentifier>
    </Filter>
    <Filter Include="Game\Player">
      <UniqueIdentifier>{5efa4485-a4d9-4296-86ee-f0bcdc085080}</UniqueIdentifier>
    </Filter>
    <Filter Include="Game\Camera">
      <UniqueIdentifier>{083aeb85-5034-492c-a2b5-92e4cbd04559}</UniqueIdentifier>
    </Filter>
    <Filter Include="Game\Player\PlayerScript">
      <UniqueIdentifier>{bd641f56-0bbc-4349-9cae-b82081ab1a31}</UniqueIdentifier>
    </Filter>
    <Filter Include="Game\Script\GameLogic\CameraCommon">
      <UniqueIdentifier>{4478fd60-b5e0-44e9-b1db-59f9aa4c6cc3}</UniqueIdentifier>
    </Filter>
    <Filter Include="Game\Player\PlayerScript\State">
      <UniqueIdentifier>{51db6164-ff04-4aa6-af75-a443dae9aaa4}</UniqueIdentifier>
    </Filter>
    <Filter Include="Game\PlayerTrackingCamera">
      <UniqueIdentifier>{637bd7c0-4eb6-4f0b-bddb-819596291699}</UniqueIdentifier>
    </Filter>
    <Filter Include="Game\PlayerTrackingCamera\Script">
      <UniqueIdentifier>{ec002363-8652-4a69-93fd-717b11b32a9a}</UniqueIdentifier>
    </Filter>
    <Filter Include="System\Renderer\Shader\HLSL\DebugShader">
      <UniqueIdentifier>{324ef5ca-c270-4035-8ebb-c10d23525ccb}</UniqueIdentifier>
    </Filter>
    <Filter Include="Contents\Developer">
      <UniqueIdentifier>{ddf41b5a-53ac-479f-a84e-01dd5b21e893}</UniqueIdentifier>
    </Filter>
    <Filter Include="Contents\Resource\Line">
      <UniqueIdentifier>{dbd2e253-dd2c-4bad-9f9c-0c4a1a5b5972}</UniqueIdentifier>
    </Filter>
  </ItemGroup>
  <ItemGroup>
    <ClCompile Include="System\Console.cpp">
      <Filter>System\Core\SubSystem\Console</Filter>
    </ClCompile>
    <ClCompile Include="System\Window.cpp">
      <Filter>System\Core\SubSystem\Window</Filter>
    </ClCompile>
    <ClCompile Include="System\WindowCallBack.cpp">
      <Filter>System\Core\SubSystem\Window</Filter>
    </ClCompile>
    <ClCompile Include="System\MessageWindow.cpp">
      <Filter>System\Core\SubSystem\Message</Filter>
    </ClCompile>
    <ClCompile Include="System\DirectXGraphics.cpp">
      <Filter>System\Core\SubSystem\DirectX\DX11</Filter>
    </ClCompile>
    <ClCompile Include="System\Inputsystem.cpp">
      <Filter>System\Core\SubSystem\InputSystem</Filter>
    </ClCompile>
    <ClCompile Include="System\SystemTimer.cpp">
      <Filter>System\Core\SubSystem\SystemTimer</Filter>
    </ClCompile>
    <ClCompile Include="System\Audiosystem.cpp">
      <Filter>System\Core\SubSystem\AudioSystem</Filter>
    </ClCompile>
    <ClCompile Include="System\GuiSystem.cpp">
      <Filter>System\Core\SubSystem\GuiSystem</Filter>
    </ClCompile>
    <ClCompile Include="System\GameSystem.cpp">
      <Filter>System\Core\SubSystem\GameSystem</Filter>
    </ClCompile>
    <ClCompile Include="System\Framelate.cpp">
      <Filter>System\GameSubSystem\Framelate</Filter>
    </ClCompile>
    <ClCompile Include="System\Core\Application.cpp">
      <Filter>System\Core\Application</Filter>
    </ClCompile>
    <ClCompile Include="System\Core\WinMain.cpp">
      <Filter>System\Core</Filter>
    </ClCompile>
    <ClCompile Include="System\ThirdParty\Imgui\imgui_tables.cpp">
      <Filter>System\ThirdParty\ImGui</Filter>
    </ClCompile>
    <ClCompile Include="System\ThirdParty\Imgui\imgui_widgets.cpp">
      <Filter>System\ThirdParty\ImGui</Filter>
    </ClCompile>
    <ClCompile Include="System\ThirdParty\Imgui\imgui.cpp">
      <Filter>System\ThirdParty\ImGui</Filter>
    </ClCompile>
    <ClCompile Include="System\ThirdParty\Imgui\imgui_demo.cpp">
      <Filter>System\ThirdParty\ImGui</Filter>
    </ClCompile>
    <ClCompile Include="System\ThirdParty\Imgui\imgui_draw.cpp">
      <Filter>System\ThirdParty\ImGui</Filter>
    </ClCompile>
    <ClCompile Include="System\ThirdParty\Imgui\imgui_impl_dx11.cpp">
      <Filter>System\ThirdParty\ImGui</Filter>
    </ClCompile>
    <ClCompile Include="System\ThirdParty\Imgui\imgui_impl_win32.cpp">
      <Filter>System\ThirdParty\ImGui</Filter>
    </ClCompile>
    <ClCompile Include="System\ThirdParty\DirectTex\DDSTextureLoader.cpp">
      <Filter>System\ThirdParty\DirectTex</Filter>
    </ClCompile>
    <ClCompile Include="System\ThirdParty\DirectTex\WICTextureLoader.cpp">
      <Filter>System\ThirdParty\DirectTex</Filter>
    </ClCompile>
    <ClCompile Include="Contents\Color.cpp">
      <Filter>Contents\Math\Private</Filter>
    </ClCompile>
    <ClCompile Include="Contents\Quaternion.cpp">
      <Filter>Contents\Math\Private</Filter>
    </ClCompile>
    <ClCompile Include="Contents\Matrix4x4.cpp">
      <Filter>Contents\Math\Private</Filter>
    </ClCompile>
    <ClCompile Include="Contents\GameObject.cpp">
      <Filter>Contents\Create\Private</Filter>
    </ClCompile>
    <ClCompile Include="System\Core\Object.cpp">
      <Filter>System\Core\BaseClass</Filter>
    </ClCompile>
    <ClCompile Include="System\World.cpp">
      <Filter>System\GameSubSystem\World</Filter>
    </ClCompile>
    <ClCompile Include="Contents\Scene.cpp">
      <Filter>Contents\Create\Private</Filter>
    </ClCompile>
    <ClCompile Include="Contents\SceneManager.cpp">
      <Filter>Contents\Manager\Private</Filter>
    </ClCompile>
    <ClCompile Include="Contents\Transform.cpp">
      <Filter>Contents\Component\Physics</Filter>
    </ClCompile>
    <ClCompile Include="Contents\GameObjectManager.cpp">
      <Filter>Contents\Manager\Private</Filter>
    </ClCompile>
    <ClCompile Include="Game\TestObject.cpp">
      <Filter>Game</Filter>
    </ClCompile>
    <ClCompile Include="Contents\Script.cpp">
      <Filter>Contents\Create\Private</Filter>
    </ClCompile>
    <ClCompile Include="System\KeyboardSystem.cpp">
      <Filter>System\GameSubSystem\Input</Filter>
    </ClCompile>
    <ClCompile Include="Game\TestScene.cpp">
      <Filter>Game\Scene</Filter>
    </ClCompile>
    <ClCompile Include="Contents\Physics.cpp">
      <Filter>Contents\Component\Base</Filter>
    </ClCompile>
    <ClCompile Include="System\MouseSystem.cpp">
      <Filter>System\GameSubSystem\Input</Filter>
    </ClCompile>
    <ClCompile Include="System\Shader.cpp">
      <Filter>System\Renderer\Shader</Filter>
    </ClCompile>
    <ClCompile Include="System\GamePadSystem.cpp">
      <Filter>System\GameSubSystem\Input</Filter>
    </ClCompile>
    <ClCompile Include="Contents\Graphics.cpp">
      <Filter>Contents\Component\Base</Filter>
    </ClCompile>
    <ClCompile Include="Contents\Camera.cpp">
      <Filter>Contents\Component\Graphics</Filter>
    </ClCompile>
    <ClCompile Include="Contents\DefaultCamera.cpp">
      <Filter>Contents\Create\Private</Filter>
    </ClCompile>
    <ClCompile Include="Contents\MeshRenderer.cpp">
      <Filter>Contents\Component\Graphics</Filter>
    </ClCompile>
    <ClCompile Include="Game\TestScript.cpp">
      <Filter>Game\Script\Test</Filter>
    </ClCompile>
    <ClCompile Include="Game\ThirdPersonCamera.cpp">
      <Filter>Game\Script\GameLogic\CameraCommon</Filter>
    </ClCompile>
    <ClCompile Include="Game\PlayerMovement.cpp">
      <Filter>Game\Player\PlayerScript</Filter>
    </ClCompile>
    <ClCompile Include="Contents\VertexShader.cpp">
      <Filter>Contents\Resource\Shader</Filter>
    </ClCompile>
    <ClCompile Include="Contents\PixelShader.cpp">
      <Filter>Contents\Resource\Shader</Filter>
    </ClCompile>
    <ClCompile Include="Contents\Material.cpp">
      <Filter>Contents\Create\Private</Filter>
    </ClCompile>
    <ClCompile Include="Contents\ShaderManager.cpp">
      <Filter>Contents\Manager\Private</Filter>
    </ClCompile>
    <ClCompile Include="Contents\ManagerInterface.cpp">
      <Filter>Contents\Manager\Private</Filter>
    </ClCompile>
    <ClCompile Include="Contents\Keyboard.cpp">
      <Filter>Contents\Input</Filter>
    </ClCompile>
    <ClCompile Include="Contents\Mouse.cpp">
      <Filter>Contents\Input</Filter>
    </ClCompile>
    <ClCompile Include="Contents\GamePad.cpp">
      <Filter>Contents\Input</Filter>
    </ClCompile>
    <ClCompile Include="Contents\Skeleton.cpp">
      <Filter>Contents\Resource\3DModel\Skelton</Filter>
    </ClCompile>
    <ClCompile Include="Contents\SkinnedMeshRenderer.cpp">
      <Filter>Contents\Component\Graphics</Filter>
    </ClCompile>
    <ClCompile Include="System\DX11SetMaterial.cpp">
      <Filter>System\Renderer\DX11\ConstantBuffer\Private</Filter>
    </ClCompile>
    <ClCompile Include="System\DX11SetBoneMatrix.cpp">
      <Filter>System\Renderer\DX11\ConstantBuffer\Private</Filter>
    </ClCompile>
    <ClCompile Include="Game\CubeTest.cpp">
      <Filter>Game</Filter>
    </ClCompile>
    <ClCompile Include="Contents\Timer.cpp">
      <Filter>Contents\Timer</Filter>
    </ClCompile>
    <ClCompile Include="System\ThirdParty\Assimp\AssimpScene.cpp">
      <Filter>System\ThirdParty\Assimp</Filter>
    </ClCompile>
    <ClCompile Include="Contents\FileSystem.cpp">
      <Filter>Contents\Tools</Filter>
    </ClCompile>
    <ClCompile Include="Contents\Debug.cpp">
      <Filter>Contents\Tools</Filter>
    </ClCompile>
    <ClCompile Include="Contents\ResouceManager.cpp">
      <Filter>Contents\Manager\Private</Filter>
    </ClCompile>
    <ClCompile Include="System\Core\Editor.cpp">
      <Filter>System\Core\BaseClass</Filter>
    </ClCompile>
    <ClCompile Include="Editor\TestEditor.cpp">
      <Filter>System\Editor\TestEditor</Filter>
    </ClCompile>
    <ClCompile Include="Contents\Texture.cpp">
      <Filter>Contents\Resource\Texture</Filter>
    </ClCompile>
    <ClCompile Include="Contents\Vector3.cpp">
      <Filter>Contents\Math\Private</Filter>
    </ClCompile>
    <ClCompile Include="Contents\Motion.cpp">
      <Filter>Contents\Resource\Animation\Private</Filter>
    </ClCompile>
    <ClCompile Include="Contents\AnimationClip.cpp">
      <Filter>Contents\Resource\Animation\Private</Filter>
    </ClCompile>
    <ClCompile Include="Contents\Miscellaneous.cpp">
      <Filter>Contents\Component\Base</Filter>
    </ClCompile>
    <ClCompile Include="Contents\Animator.cpp">
      <Filter>Contents\Component\Miscellaneous</Filter>
    </ClCompile>
    <ClCompile Include="Contents\BlendAnimationClip.cpp">
      <Filter>Contents\Resource\Animation\Private</Filter>
    </ClCompile>
    <ClCompile Include="dx11mathutil.cpp">
      <Filter>Sample</Filter>
    </ClCompile>
    <ClCompile Include="Game\SphareTest.cpp">
      <Filter>Game</Filter>
    </ClCompile>
    <ClCompile Include="Game\EnemyGenerator.cpp">
      <Filter>Game\Script\GameLogic</Filter>
    </ClCompile>
    <ClCompile Include="Game\MoveMentSphere.cpp">
      <Filter>Game\Script\GameLogic</Filter>
    </ClCompile>
    <ClCompile Include="Contents\Model.cpp">
      <Filter>Contents\Resource\3DModel\Model</Filter>
    </ClCompile>
    <ClCompile Include="Contents\ModelData.cpp">
      <Filter>Contents\Resource\3DModel</Filter>
    </ClCompile>
    <ClCompile Include="Contents\Mesh.cpp">
      <Filter>Contents\Resource\3DModel\Model\Mesh</Filter>
    </ClCompile>
    <ClCompile Include="System\DX11Renderer.cpp">
      <Filter>System\Renderer\DX11</Filter>
    </ClCompile>
    <ClCompile Include="Contents\DefaultStaticMesh.cpp">
      <Filter>Contents\Resource\3DModel\Model\Mesh</Filter>
    </ClCompile>
    <ClCompile Include="Contents\BoneTransform.cpp">
      <Filter>Contents\Resource\3DModel\Skelton</Filter>
    </ClCompile>
    <ClCompile Include="Contents\StateMachine.cpp">
      <Filter>Contents\LogicTools\StateMachine</Filter>
    </ClCompile>
    <ClCompile Include="Game\Player.cpp">
      <Filter>Game\Player</Filter>
    </ClCompile>
    <ClCompile Include="Game\ActionScene.cpp">
      <Filter>Game\Scene</Filter>
    </ClCompile>
    <ClCompile Include="Game\MainCamera.cpp">
      <Filter>Game\Camera</Filter>
    </ClCompile>
    <ClCompile Include="Game\PlayerMoveGround.cpp">
      <Filter>Game\Player\PlayerScript\State</Filter>
    </ClCompile>
    <ClCompile Include="Game\PlayerMoveAir.cpp">
      <Filter>Game\Player\PlayerScript\State</Filter>
    </ClCompile>
    <ClCompile Include="Game\PlayerFallState.cpp">
      <Filter>Game\Player\PlayerScript\State</Filter>
    </ClCompile>
    <ClCompile Include="Game\PlayerLandGround.cpp">
      <Filter>Game\Player\PlayerScript\State</Filter>
    </ClCompile>
    <ClCompile Include="Game\PlayerTrackingCamera.cpp">
      <Filter>Game\PlayerTrackingCamera</Filter>
    </ClCompile>
    <ClCompile Include="Game\PlayerActionCamera.cpp">
      <Filter>Game\PlayerTrackingCamera\Script</Filter>
    </ClCompile>
    <ClCompile Include="Contents\Line.cpp">
      <Filter>Contents\Resource\Line</Filter>
    </ClCompile>
    <ClCompile Include="Contents\DeveloperMenu.cpp">
      <Filter>Contents\Developer</Filter>
    </ClCompile>
  </ItemGroup>
  <ItemGroup>
    <ClInclude Include="System\Console.h">
      <Filter>System\Core\SubSystem\Console</Filter>
    </ClInclude>
    <ClInclude Include="System\Window.h">
      <Filter>System\Core\SubSystem\Window</Filter>
    </ClInclude>
    <ClInclude Include="System\WindowCallBack.h">
      <Filter>System\Core\SubSystem\Window</Filter>
    </ClInclude>
    <ClInclude Include="System\MessageWindow.h">
      <Filter>System\Core\SubSystem\Message</Filter>
    </ClInclude>
    <ClInclude Include="System\DirectXGraphics.h">
      <Filter>System\Core\SubSystem\DirectX\DX11</Filter>
    </ClInclude>
    <ClInclude Include="System\Inputsystem.h">
      <Filter>System\Core\SubSystem\InputSystem</Filter>
    </ClInclude>
    <ClInclude Include="System\SystemTimer.h">
      <Filter>System\Core\SubSystem\SystemTimer</Filter>
    </ClInclude>
    <ClInclude Include="System\Audiosystem.h">
      <Filter>System\Core\SubSystem\AudioSystem</Filter>
    </ClInclude>
    <ClInclude Include="System\GuiSystem.h">
      <Filter>System\Core\SubSystem\GuiSystem</Filter>
    </ClInclude>
    <ClInclude Include="System\GameSystem.h">
      <Filter>System\Core\SubSystem\GameSystem</Filter>
    </ClInclude>
    <ClInclude Include="System\GameSystemManager.h">
      <Filter>System\GameSubSystem</Filter>
    </ClInclude>
    <ClInclude Include="System\Framelate.h">
      <Filter>System\GameSubSystem\Framelate</Filter>
    </ClInclude>
    <ClInclude Include="System\Core\Application.h">
      <Filter>System\Core\Application</Filter>
    </ClInclude>
    <ClInclude Include="System\ThirdParty\LibraryHeader.h">
      <Filter>System\ThirdParty</Filter>
    </ClInclude>
    <ClInclude Include="System\ThirdParty\Imgui\imgui_internal.h">
      <Filter>System\ThirdParty\ImGui</Filter>
    </ClInclude>
    <ClInclude Include="System\ThirdParty\Imgui\imstb_rectpack.h">
      <Filter>System\ThirdParty\ImGui</Filter>
    </ClInclude>
    <ClInclude Include="System\ThirdParty\Imgui\imstb_textedit.h">
      <Filter>System\ThirdParty\ImGui</Filter>
    </ClInclude>
    <ClInclude Include="System\ThirdParty\Imgui\imstb_truetype.h">
      <Filter>System\ThirdParty\ImGui</Filter>
    </ClInclude>
    <ClInclude Include="System\ThirdParty\Imgui\imconfig.h">
      <Filter>System\ThirdParty\ImGui</Filter>
    </ClInclude>
    <ClInclude Include="System\ThirdParty\Imgui\imgui.h">
      <Filter>System\ThirdParty\ImGui</Filter>
    </ClInclude>
    <ClInclude Include="System\ThirdParty\Imgui\imgui_impl_dx11.h">
      <Filter>System\ThirdParty\ImGui</Filter>
    </ClInclude>
    <ClInclude Include="System\ThirdParty\Imgui\imgui_impl_win32.h">
      <Filter>System\ThirdParty\ImGui</Filter>
    </ClInclude>
    <ClInclude Include="System\ThirdParty\DirectTex\DDSTextureLoader.h">
      <Filter>System\ThirdParty\DirectTex</Filter>
    </ClInclude>
    <ClInclude Include="System\ThirdParty\DirectTex\DirectXTex.h">
      <Filter>System\ThirdParty\DirectTex</Filter>
    </ClInclude>
    <ClInclude Include="System\ThirdParty\DirectTex\WICTextureLoader.h">
      <Filter>System\ThirdParty\DirectTex</Filter>
    </ClInclude>
    <ClInclude Include="System\Core\SubSystem.h">
      <Filter>System\Core\BaseClass</Filter>
    </ClInclude>
    <ClInclude Include="System\GameSubSysmte.h">
      <Filter>System\Core\BaseClass</Filter>
    </ClInclude>
    <ClInclude Include="Contents\Color.h">
      <Filter>Contents\Math</Filter>
    </ClInclude>
    <ClInclude Include="Contents\Easing.h">
      <Filter>Contents\Math</Filter>
    </ClInclude>
    <ClInclude Include="Contents\Matrix4x4.h">
      <Filter>Contents\Math</Filter>
    </ClInclude>
    <ClInclude Include="Contents\Quaternion.h">
      <Filter>Contents\Math</Filter>
    </ClInclude>
    <ClInclude Include="Contents\Vector2.h">
      <Filter>Contents\Math</Filter>
    </ClInclude>
    <ClInclude Include="Contents\Vector3.h">
      <Filter>Contents\Math</Filter>
    </ClInclude>
    <ClInclude Include="Contents\Vector4.h">
      <Filter>Contents\Math</Filter>
    </ClInclude>
    <ClInclude Include="System\Core\Object.h">
      <Filter>System\Core\BaseClass</Filter>
    </ClInclude>
    <ClInclude Include="Contents\Tag.h">
      <Filter>Contents</Filter>
    </ClInclude>
    <ClInclude Include="Contents\GameObject.h">
      <Filter>Contents\Create</Filter>
    </ClInclude>
    <ClInclude Include="Contents\GameObjectHeader.h">
      <Filter>Contents\Create\Header</Filter>
    </ClInclude>
    <ClInclude Include="System\World.h">
      <Filter>System\GameSubSystem\World</Filter>
    </ClInclude>
    <ClInclude Include="Contents\Scene.h">
      <Filter>Contents\Create</Filter>
    </ClInclude>
    <ClInclude Include="Contents\SceneHeader.h">
      <Filter>Contents\Create\Header</Filter>
    </ClInclude>
    <ClInclude Include="Contents\SceneManager.h">
      <Filter>Contents\Manager</Filter>
    </ClInclude>
    <ClInclude Include="Contents\GameObjectManager.h">
      <Filter>Contents\Manager</Filter>
    </ClInclude>
    <ClInclude Include="Contents\Script.h">
      <Filter>Contents\Create</Filter>
    </ClInclude>
    <ClInclude Include="System\Core\Component.h">
      <Filter>System\Core\BaseClass</Filter>
    </ClInclude>
    <ClInclude Include="Contents\Transform.h">
      <Filter>Contents\Component\Physics</Filter>
    </ClInclude>
    <ClInclude Include="Game\TestObject.h">
      <Filter>Game</Filter>
    </ClInclude>
    <ClInclude Include="System\KeyboardSystem.h">
      <Filter>System\GameSubSystem\Input</Filter>
    </ClInclude>
    <ClInclude Include="Game\TestScene.h">
      <Filter>Game\Scene</Filter>
    </ClInclude>
    <ClInclude Include="Contents\Physics.h">
      <Filter>Contents\Component\Base</Filter>
    </ClInclude>
    <ClInclude Include="System\MouseSystem.h">
      <Filter>System\GameSubSystem\Input</Filter>
    </ClInclude>
    <ClInclude Include="CLight.h">
      <Filter>Sample</Filter>
    </ClInclude>
    <ClInclude Include="System\Shader.h">
      <Filter>System\Renderer\Shader</Filter>
    </ClInclude>
    <ClInclude Include="System\GamePadSystem.h">
      <Filter>System\GameSubSystem\Input</Filter>
    </ClInclude>
    <ClInclude Include="Contents\Graphics.h">
      <Filter>Contents\Component\Base</Filter>
    </ClInclude>
    <ClInclude Include="Contents\Camera.h">
      <Filter>Contents\Component\Graphics</Filter>
    </ClInclude>
    <ClInclude Include="Contents\DefaultCamera.h">
      <Filter>Contents\Create</Filter>
    </ClInclude>
    <ClInclude Include="Contents\GameContents.h">
      <Filter>Contents</Filter>
    </ClInclude>
    <ClInclude Include="Contents\MeshRenderer.h">
      <Filter>Contents\Component\Graphics</Filter>
    </ClInclude>
    <ClInclude Include="Contents\SceneHelper.h">
      <Filter>Contents\Helper</Filter>
    </ClInclude>
    <ClInclude Include="Game\TestScript.h">
      <Filter>Game\Script\Test</Filter>
    </ClInclude>
    <ClInclude Include="Game\PlayerMovement.h">
      <Filter>Game\Player\PlayerScript</Filter>
    </ClInclude>
    <ClInclude Include="Game\ThirdPersonCamera.h">
      <Filter>Game\Script\GameLogic\CameraCommon</Filter>
    </ClInclude>
    <ClInclude Include="Contents\VertexShader.h">
      <Filter>Contents\Resource\Shader</Filter>
    </ClInclude>
    <ClInclude Include="Contents\PixelShader.h">
      <Filter>Contents\Resource\Shader</Filter>
    </ClInclude>
    <ClInclude Include="Contents\Material.h">
      <Filter>Contents\Create</Filter>
    </ClInclude>
    <ClInclude Include="Contents\ShaderManager.h">
      <Filter>Contents\Manager</Filter>
    </ClInclude>
    <ClInclude Include="Contents\ManagerInterface.h">
      <Filter>Contents\Manager</Filter>
    </ClInclude>
    <ClInclude Include="Contents\ManagerHeader.h">
      <Filter>Contents\Manager\Header</Filter>
    </ClInclude>
    <ClInclude Include="Contents\GamePad.h">
      <Filter>Contents\Input</Filter>
    </ClInclude>
    <ClInclude Include="Contents\Keyboard.h">
      <Filter>Contents\Input</Filter>
    </ClInclude>
    <ClInclude Include="Contents\Keycode.h">
      <Filter>Contents\Input</Filter>
    </ClInclude>
    <ClInclude Include="Contents\Mouse.h">
      <Filter>Contents\Input</Filter>
    </ClInclude>
    <ClInclude Include="Contents\Bone.h">
      <Filter>Contents\Resource\3DModel\Skelton</Filter>
    </ClInclude>
    <ClInclude Include="Contents\SkinnedMeshRenderer.h">
      <Filter>Contents\Component\Graphics</Filter>
    </ClInclude>
    <ClInclude Include="System\DX11Settransform.h">
      <Filter>System\Renderer\DX11\ConstantBuffer</Filter>
    </ClInclude>
    <ClInclude Include="System\DX11SetMaterial.h">
      <Filter>System\Renderer\DX11\ConstantBuffer</Filter>
    </ClInclude>
    <ClInclude Include="System\DX11SetBoneMatrix.h">
      <Filter>System\Renderer\DX11\ConstantBuffer</Filter>
    </ClInclude>
    <ClInclude Include="Game\CubeTest.h">
      <Filter>Game</Filter>
    </ClInclude>
    <ClInclude Include="Contents\Timer.h">
      <Filter>Contents\Timer</Filter>
    </ClInclude>
    <ClInclude Include="System\ThirdParty\Assimp\AssimpScene.h">
      <Filter>System\ThirdParty\Assimp</Filter>
    </ClInclude>
    <ClInclude Include="Contents\macro.h">
      <Filter>Contents</Filter>
    </ClInclude>
    <ClInclude Include="Contents\std.h">
      <Filter>Contents</Filter>
    </ClInclude>
    <ClInclude Include="Contents\FileSystem.h">
      <Filter>Contents\Tools</Filter>
    </ClInclude>
    <ClInclude Include="Contents\Debug.h">
      <Filter>Contents\Tools</Filter>
    </ClInclude>
    <ClInclude Include="Contents\DefaultStaticMesh.h">
      <Filter>Contents\Resource\3DModel\Model\Mesh</Filter>
    </ClInclude>
    <ClInclude Include="System\EditorManager.h">
      <Filter>System\Editor</Filter>
    </ClInclude>
    <ClInclude Include="Editor\TestEditor.h">
      <Filter>System\Editor\TestEditor</Filter>
    </ClInclude>
    <ClInclude Include="System\Core\Editor.h">
      <Filter>System\Core\BaseClass</Filter>
    </ClInclude>
    <ClInclude Include="Editor\EditorHeader.h">
      <Filter>System\Editor\Header</Filter>
    </ClInclude>
    <ClInclude Include="Contents\Texture.h">
      <Filter>Contents\Resource\Texture</Filter>
    </ClInclude>
    <ClInclude Include="Contents\myMath.h">
      <Filter>Contents\Math</Filter>
    </ClInclude>
    <ClInclude Include="Contents\AnimationClip.h">
      <Filter>Contents\Resource\Animation</Filter>
    </ClInclude>
    <ClInclude Include="Contents\Motion.h">
      <Filter>Contents\Resource\Animation</Filter>
    </ClInclude>
    <ClInclude Include="Contents\Miscellaneous.h">
      <Filter>Contents\Component\Base</Filter>
    </ClInclude>
    <ClInclude Include="Contents\Animator.h">
      <Filter>Contents\Component\Miscellaneous</Filter>
    </ClInclude>
    <ClInclude Include="Contents\BlendAnimationClip.h">
      <Filter>Contents\Resource\Animation</Filter>
    </ClInclude>
    <ClInclude Include="Contents\KeyFrame.h">
      <Filter>Contents\Resource\Animation\KeyFrame</Filter>
    </ClInclude>
    <ClInclude Include="dx11mathutil.h">
      <Filter>Sample</Filter>
    </ClInclude>
    <ClInclude Include="Game\SphareTest.h">
      <Filter>Game</Filter>
    </ClInclude>
    <ClInclude Include="Game\EnemyGenerator.h">
      <Filter>Game\Script\GameLogic</Filter>
    </ClInclude>
    <ClInclude Include="Game\MoveMentSphere.h">
      <Filter>Game\Script\GameLogic</Filter>
    </ClInclude>
    <ClInclude Include="Contents\Model.h">
      <Filter>Contents\Resource\3DModel\Model</Filter>
    </ClInclude>
    <ClInclude Include="System\ThirdParty\Assimp\AssimpHeader.h">
      <Filter>System\ThirdParty\Assimp</Filter>
    </ClInclude>
    <ClInclude Include="System\MeshInfo.h">
      <Filter>System\Renderer</Filter>
    </ClInclude>
    <ClInclude Include="Contents\ModelData.h">
      <Filter>Contents\Resource\3DModel</Filter>
    </ClInclude>
    <ClInclude Include="Contents\Mesh.h">
      <Filter>Contents\Resource\3DModel\Model\Mesh</Filter>
    </ClInclude>
    <ClInclude Include="System\DX11Renderer.h">
      <Filter>System\Renderer\DX11</Filter>
    </ClInclude>
    <ClInclude Include="System\DX11Mesh.h">
      <Filter>System\Renderer\DX11\Render</Filter>
    </ClInclude>
    <ClInclude Include="Contents\MeshHeader.h">
      <Filter>Contents\Resource\3DModel\Model\Mesh</Filter>
    </ClInclude>
    <ClInclude Include="Contents\ResourceManager.h">
      <Filter>Contents\Manager</Filter>
    </ClInclude>
    <ClInclude Include="Contents\BoneTransform.h">
      <Filter>Contents\Resource\3DModel\Skelton</Filter>
    </ClInclude>
    <ClInclude Include="Contents\Skeleton.h">
      <Filter>Contents\Resource\3DModel\Skelton</Filter>
    </ClInclude>
    <ClInclude Include="Contents\StateBase.h">
      <Filter>Contents\LogicTools\StateMachine</Filter>
    </ClInclude>
    <ClInclude Include="Contents\StateMachine.h">
      <Filter>Contents\LogicTools\StateMachine</Filter>
    </ClInclude>
    <ClInclude Include="Game\Player.h">
      <Filter>Game\Player</Filter>
    </ClInclude>
    <ClInclude Include="Game\ActionScene.h">
      <Filter>Game\Scene</Filter>
    </ClInclude>
    <ClInclude Include="Game\MainCamera.h">
      <Filter>Game\Camera</Filter>
    </ClInclude>
    <ClInclude Include="Game\PlayerMoveGround.h">
      <Filter>Game\Player\PlayerScript\State</Filter>
    </ClInclude>
    <ClInclude Include="Game\PlayerActionState.h">
      <Filter>Game\Player\PlayerScript\State</Filter>
    </ClInclude>
    <ClInclude Include="Game\PlayerMoveAir.h">
      <Filter>Game\Player\PlayerScript\State</Filter>
    </ClInclude>
    <ClInclude Include="Game\PlayerFallState.h">
      <Filter>Game\Player\PlayerScript\State</Filter>
    </ClInclude>
    <ClInclude Include="Game\PlayerLandGround.h">
      <Filter>Game\Player\PlayerScript\State</Filter>
    </ClInclude>
    <ClInclude Include="Game\PlayerTrackingCamera.h">
      <Filter>Game\PlayerTrackingCamera</Filter>
    </ClInclude>
    <ClInclude Include="Game\PlayerActionCamera.h">
      <Filter>Game\PlayerTrackingCamera\Script</Filter>
    </ClInclude>
    <ClInclude Include="Contents\DeveloperMenu.h">
      <Filter>Contents\Developer</Filter>
    </ClInclude>
    <ClInclude Include="Contents\Line.h">
      <Filter>Contents\Resource\Line</Filter>
    </ClInclude>
  </ItemGroup>
  <ItemGroup>
    <FxCompile Include="Shader\pscol.hlsl">
      <Filter>System\Renderer\Shader\HLSL</Filter>
    </FxCompile>
    <FxCompile Include="Shader\pstexcol.hlsl">
      <Filter>System\Renderer\Shader\HLSL</Filter>
    </FxCompile>
    <FxCompile Include="Shader\vs.hlsl">
      <Filter>System\Renderer\Shader\HLSL</Filter>
    </FxCompile>
    <FxCompile Include="Shader\ps.hlsl">
      <Filter>System\Renderer\Shader\HLSL</Filter>
    </FxCompile>
    <FxCompile Include="Shader\ShapeVertexShader.hlsl">
      <Filter>System\Renderer\Shader\HLSL</Filter>
    </FxCompile>
    <FxCompile Include="Shader\ShapePixelShader.hlsl">
      <Filter>System\Renderer\Shader\HLSL</Filter>
    </FxCompile>
    <FxCompile Include="Shader\DefaultMeshVertexShader.hlsl">
      <Filter>System\Renderer\Shader\HLSL\StandardShader</Filter>
    </FxCompile>
    <FxCompile Include="Shader\UnlitDefaultPixelShader.hlsl">
      <Filter>System\Renderer\Shader\HLSL\StandardShader</Filter>
    </FxCompile>
    <FxCompile Include="Shader\SkinnedVertexShader.hlsl">
      <Filter>System\Renderer\Shader\HLSL\StandardShader</Filter>
    </FxCompile>
    <FxCompile Include="Shader\GrayManps.hlsl">
      <Filter>System\Renderer\Shader\HLSL</Filter>
    </FxCompile>
    <FxCompile Include="Shader\DefaultMeshPixelShader.hlsl">
      <Filter>System\Renderer\Shader\HLSL\StandardShader</Filter>
    </FxCompile>
    <FxCompile Include="Shader\Spider.hlsl">
      <Filter>System\Renderer\Shader\HLSL</Filter>
    </FxCompile>
    <FxCompile Include="Shader\DebugVertexShader.hlsl">
      <Filter>System\Renderer\Shader\HLSL\DebugShader</Filter>
    </FxCompile>
    <FxCompile Include="Shader\DebugPixelShader.hlsl">
      <Filter>System\Renderer\Shader\HLSL\DebugShader</Filter>
    </FxCompile>
  </ItemGroup>
  <ItemGroup>
    <None Include="Shader\Common.hlsli">
      <Filter>System\Renderer\Shader\HLSL</Filter>
    </None>
  </ItemGroup>
</Project>